
Microsoft Visual Studio Solution File, Format Version 12.00
# Visual Studio 15
VisualStudioVersion = 15.0.27130.2036
MinimumVisualStudioVersion = 10.0.40219.1
Project("{FAE04EC0-301F-11D3-BF4B-00C04F79EFBC}") = "BoxProblem", "BoxProblem\BoxProblem.csproj", "{7CFDF803-DCC8-41E4-ABA9-32128D76CD69}"
EndProject
Global
	GlobalSection(SolutionConfigurationPlatforms) = preSolution
		Debug|Any CPU = Debug|Any CPU
		Release|Any CPU = Release|Any CPU
	EndGlobalSection
	GlobalSection(ProjectConfigurationPlatforms) = postSolution
		{7CFDF803-DCC8-41E4-ABA9-32128D76CD69}.Debug|Any CPU.ActiveCfg = Debug|Any CPU
		{7CFDF803-DCC8-41E4-ABA9-32128D76CD69}.Debug|Any CPU.Build.0 = Debug|Any CPU
		{7CFDF803-DCC8-41E4-ABA9-32128D76CD69}.Release|Any CPU.ActiveCfg = Release|Any CPU
		{7CFDF803-DCC8-41E4-ABA9-32128D76CD69}.Release|Any CPU.Build.0 = Release|Any CPU
	EndGlobalSection
	GlobalSection(SolutionProperties) = preSolution
		HideSolutionNode = FALSE
	EndGlobalSection
	GlobalSection(ExtensibilityGlobals) = postSolution
		SolutionGuid = {AA6A8D14-1AC5-4539-AAF1-E952F44EDFED}
	EndGlobalSection
EndGlobal
